
Microsoft Visual Studio Solution File, Format Version 12.00
# Visual Studio 2013
VisualStudioVersion = 12.0.40629.0
MinimumVisualStudioVersion = 10.0.40219.1
Project("{FAE04EC0-301F-11D3-BF4B-00C04F79EFBC}") = "SurveyMonkeyApiV3", "SurveyMonkeyApiV3\SurveyMonkeyApiV3.csproj", "{6F230D19-7ABD-4083-914A-706A0A3A8A11}"
EndProject
Project("{FAE04EC0-301F-11D3-BF4B-00C04F79EFBC}") = "SurveyMonkeyApiV3.Tests", "SurveyMonkeyApiV3.Tests\SurveyMonkeyApiV3.Tests.csproj", "{2318DF6A-5709-4907-A946-C8615CA7F324}"
EndProject
Global
	GlobalSection(SolutionConfigurationPlatforms) = preSolution
		Debug|Any CPU = Debug|Any CPU
		Release|Any CPU = Release|Any CPU
	EndGlobalSection
	GlobalSection(ProjectConfigurationPlatforms) = postSolution
		{6F230D19-7ABD-4083-914A-706A0A3A8A11}.Debug|Any CPU.ActiveCfg = Debug|Any CPU
		{6F230D19-7ABD-4083-914A-706A0A3A8A11}.Debug|Any CPU.Build.0 = Debug|Any CPU
		{6F230D19-7ABD-4083-914A-706A0A3A8A11}.Release|Any CPU.ActiveCfg = Release|Any CPU
		{6F230D19-7ABD-4083-914A-706A0A3A8A11}.Release|Any CPU.Build.0 = Release|Any CPU
		{2318DF6A-5709-4907-A946-C8615CA7F324}.Debug|Any CPU.ActiveCfg = Debug|Any CPU
		{2318DF6A-5709-4907-A946-C8615CA7F324}.Debug|Any CPU.Build.0 = Debug|Any CPU
		{2318DF6A-5709-4907-A946-C8615CA7F324}.Release|Any CPU.ActiveCfg = Release|Any CPU
		{2318DF6A-5709-4907-A946-C8615CA7F324}.Release|Any CPU.Build.0 = Release|Any CPU
	EndGlobalSection
	GlobalSection(SolutionProperties) = preSolution
		HideSolutionNode = FALSE
	EndGlobalSection
EndGlobal
